
Microsoft Visual Studio Solution File, Format Version 12.00
# Visual Studio Version 17
VisualStudioVersion = 17.0.31903.59
MinimumVisualStudioVersion = 10.0.40219.1
Project("{FAE04EC0-301F-11D3-BF4B-00C04F79EFBC}") = "api", "api\api.csproj", "{854CAF03-4877-480F-9B42-86D7E2A185F5}"
EndProject
Project("{FAE04EC0-301F-11D3-BF4B-00C04F79EFBC}") = "api-tests", "..\__tests\api\api-tests.csproj", "{532B538C-E8DB-452F-BD09-A34D7CE8E8DE}"
EndProject
Global
	GlobalSection(SolutionConfigurationPlatforms) = preSolution
		Debug|Any CPU = Debug|Any CPU
		Release|Any CPU = Release|Any CPU
	EndGlobalSection
	GlobalSection(SolutionProperties) = preSolution
		HideSolutionNode = FALSE
	EndGlobalSection
	GlobalSection(ProjectConfigurationPlatforms) = postSolution
		{854CAF03-4877-480F-9B42-86D7E2A185F5}.Debug|Any CPU.ActiveCfg = Debug|Any CPU
		{854CAF03-4877-480F-9B42-86D7E2A185F5}.Debug|Any CPU.Build.0 = Debug|Any CPU
		{854CAF03-4877-480F-9B42-86D7E2A185F5}.Release|Any CPU.ActiveCfg = Release|Any CPU
		{854CAF03-4877-480F-9B42-86D7E2A185F5}.Release|Any CPU.Build.0 = Release|Any CPU
		{532B538C-E8DB-452F-BD09-A34D7CE8E8DE}.Debug|Any CPU.ActiveCfg = Debug|Any CPU
		{532B538C-E8DB-452F-BD09-A34D7CE8E8DE}.Debug|Any CPU.Build.0 = Debug|Any CPU
		{532B538C-E8DB-452F-BD09-A34D7CE8E8DE}.Release|Any CPU.ActiveCfg = Release|Any CPU
		{532B538C-E8DB-452F-BD09-A34D7CE8E8DE}.Release|Any CPU.Build.0 = Release|Any CPU
	EndGlobalSection
EndGlobal
